// !$*UTF8*$!
{
	archiveVersion = 1;
	classes = {
	};
	objectVersion = 56;
	objects = {

/* Begin PBXBuildFile section */
		8E181FCA2CC5431000C87143 /* helloo_world___learningApp.swift in Sources */ = {isa = PBXBuildFile; fileRef = 8E181FC92CC5431000C87143 /* helloo_world___learningApp.swift */; };
		8E181FCC2CC5431000C87143 /* ContentView.swift in Sources */ = {isa = PBXBuildFile; fileRef = 8E181FCB2CC5431000C87143 /* ContentView.swift */; };
		8E181FCE2CC5431100C87143 /* Assets.xcassets in Resources */ = {isa = PBXBuildFile; fileRef = 8E181FCD2CC5431100C87143 /* Assets.xcassets */; };
		8E181FD12CC5431100C87143 /* Preview Assets.xcassets in Resources */ = {isa = PBXBuildFile; fileRef = 8E181FD02CC5431100C87143 /* Preview Assets.xcassets */; };
		8E181FDB2CC5431100C87143 /* helloo_world___learningTests.swift in Sources */ = {isa = PBXBuildFile; fileRef = 8E181FDA2CC5431100C87143 /* helloo_world___learningTests.swift */; };
		8E181FE52CC5431100C87143 /* helloo_world___learningUITests.swift in Sources */ = {isa = PBXBuildFile; fileRef = 8E181FE42CC5431100C87143 /* helloo_world___learningUITests.swift */; };
		8E181FE72CC5431100C87143 /* helloo_world___learningUITestsLaunchTests.swift in Sources */ = {isa = PBXBuildFile; fileRef = 8E181FE62CC5431100C87143 /* helloo_world___learningUITestsLaunchTests.swift */; };
/* End PBXBuildFile section */

/* Begin PBXContainerItemProxy section */
		8E181FD72CC5431100C87143 /* PBXContainerItemProxy */ = {
			isa = PBXContainerItemProxy;
			containerPortal = 8E181FBE2CC5431000C87143 /* Project object */;
			proxyType = 1;
			remoteGlobalIDString = 8E181FC52CC5431000C87143;
			remoteInfo = "helloo world - learning";
		};
		8E181FE12CC5431100C87143 /* PBXContainerItemProxy */ = {
			isa = PBXContainerItemProxy;
			containerPortal = 8E181FBE2CC5431000C87143 /* Project object */;
			proxyType = 1;
			remoteGlobalIDString = 8E181FC52CC5431000C87143;
			remoteInfo = "helloo world - learning";
		};
/* End PBXContainerItemProxy section */

/* Begin PBXFileReference section */
		8E181FC62CC5431000C87143 /* helloo world - learning.app */ = {isa = PBXFileReference; explicitFileType = wrapper.application; includeInIndex = 0; path = "helloo world - learning.app"; sourceTree = BUILT_PRODUCTS_DIR; };
		8E181FC92CC5431000C87143 /* helloo_world___learningApp.swift */ = {isa = PBXFileReference; lastKnownFileType = sourcecode.swift; path = "helloo_world___learningApp.swift"; sourceTree = "<group>"; };
		8E181FCB2CC5431000C87143 /* ContentView.swift */ = {isa = PBXFileReference; lastKnownFileType = sourcecode.swift; path = ContentView.swift; sourceTree = "<group>"; };
		8E181FCD2CC5431100C87143 /* Assets.xcassets */ = {isa = PBXFileReference; lastKnownFileType = folder.assetcatalog; path = Assets.xcassets; sourceTree = "<group>"; };
		8E181FD02CC5431100C87143 /* Preview Assets.xcassets */ = {isa = PBXFileReference; lastKnownFileType = folder.assetcatalog; path = "Preview Assets.xcassets"; sourceTree = "<group>"; };
		8E181FD62CC5431100C87143 /* helloo world - learningTests.xctest */ = {isa = PBXFileReference; explicitFileType = wrapper.cfbundle; includeInIndex = 0; path = "helloo world - learningTests.xctest"; sourceTree = BUILT_PRODUCTS_DIR; };
		8E181FDA2CC5431100C87143 /* helloo_world___learningTests.swift */ = {isa = PBXFileReference; lastKnownFileType = sourcecode.swift; path = "helloo_world___learningTests.swift"; sourceTree = "<group>"; };
		8E181FE02CC5431100C87143 /* helloo world - learningUITests.xctest */ = {isa = PBXFileReference; explicitFileType = wrapper.cfbundle; includeInIndex = 0; path = "helloo world - learningUITests.xctest"; sourceTree = BUILT_PRODUCTS_DIR; };
		8E181FE42CC5431100C87143 /* helloo_world___learningUITests.swift */ = {isa = PBXFileReference; lastKnownFileType = sourcecode.swift; path = "helloo_world___learningUITests.swift"; sourceTree = "<group>"; };
		8E181FE62CC5431100C87143 /* helloo_world___learningUITestsLaunchTests.swift */ = {isa = PBXFileReference; lastKnownFileType = sourcecode.swift; path = "helloo_world___learningUITestsLaunchTests.swift"; sourceTree = "<group>"; };
/* End PBXFileReference section */

/* Begin PBXFrameworksBuildPhase section */
		8E181FC32CC5431000C87143 /* Frameworks */ = {
			isa = PBXFrameworksBuildPhase;
			buildActionMask = 2147483647;
			files = (
			);
			runOnlyForDeploymentPostprocessing = 0;
		};
		8E181FD32CC5431100C87143 /* Frameworks */ = {
			isa = PBXFrameworksBuildPhase;
			buildActionMask = 2147483647;
			files = (
			);
			runOnlyForDeploymentPostprocessing = 0;
		};
		8E181FDD2CC5431100C87143 /* Frameworks */ = {
			isa = PBXFrameworksBuildPhase;
			buildActionMask = 2147483647;
			files = (
			);
			runOnlyForDeploymentPostprocessing = 0;
		};
/* End PBXFrameworksBuildPhase section */

/* Begin PBXGroup section */
		8E181FBD2CC5431000C87143 = {
			isa = PBXGroup;
			children = (
				8E181FC82CC5431000C87143 /* helloo world - learning */,
				8E181FD92CC5431100C87143 /* helloo world - learningTests */,
				8E181FE32CC5431100C87143 /* helloo world - learningUITests */,
				8E181FC72CC5431000C87143 /* Products */,
			);
			sourceTree = "<group>";
		};
		8E181FC72CC5431000C87143 /* Products */ = {
			isa = PBXGroup;
			children = (
				8E181FC62CC5431000C87143 /* helloo world - learning.app */,
				8E181FD62CC5431100C87143 /* helloo world - learningTests.xctest */,
				8E181FE02CC5431100C87143 /* helloo world - learningUITests.xctest */,
			);
			name = Products;
			sourceTree = "<group>";
		};
		8E181FC82CC5431000C87143 /* helloo world - learning */ = {
			isa = PBXGroup;
			children = (
				8E181FC92CC5431000C87143 /* helloo_world___learningApp.swift */,
				8E181FCB2CC5431000C87143 /* ContentView.swift */,
				8E181FCD2CC5431100C87143 /* Assets.xcassets */,
				8E181FCF2CC5431100C87143 /* Preview Content */,
			);
			path = "helloo world - learning";
			sourceTree = "<group>";
		};
		8E181FCF2CC5431100C87143 /* Preview Content */ = {
			isa = PBXGroup;
			children = (
				8E181FD02CC5431100C87143 /* Preview Assets.xcassets */,
			);
			path = "Preview Content";
			sourceTree = "<group>";
		};
		8E181FD92CC5431100C87143 /* helloo world - learningTests */ = {
			isa = PBXGroup;
			children = (
				8E181FDA2CC5431100C87143 /* helloo_world___learningTests.swift */,
			);
			path = "helloo world - learningTests";
			sourceTree = "<group>";
		};
		8E181FE32CC5431100C87143 /* helloo world - learningUITests */ = {
			isa = PBXGroup;
			children = (
				8E181FE42CC5431100C87143 /* helloo_world___learningUITests.swift */,
				8E181FE62CC5431100C87143 /* helloo_world___learningUITestsLaunchTests.swift */,
			);
			path = "helloo world - learningUITests";
			sourceTree = "<group>";
		};
/* End PBXGroup section */

/* Begin PBXNativeTarget section */
		8E181FC52CC5431000C87143 /* helloo world - learning */ = {
			isa = PBXNativeTarget;
			buildConfigurationList = 8E181FEA2CC5431100C87143 /* Build configuration list for PBXNativeTarget "helloo world - learning" */;
			buildPhases = (
				8E181FC22CC5431000C87143 /* Sources */,
				8E181FC32CC5431000C87143 /* Frameworks */,
				8E181FC42CC5431000C87143 /* Resources */,
			);
			buildRules = (
			);
			dependencies = (
			);
			name = "helloo world - learning";
			productName = "helloo world - learning";
			productReference = 8E181FC62CC5431000C87143 /* helloo world - learning.app */;
			productType = "com.apple.product-type.application";
		};
		8E181FD52CC5431100C87143 /* helloo world - learningTests */ = {
			isa = PBXNativeTarget;
			buildConfigurationList = 8E181FED2CC5431100C87143 /* Build configuration list for PBXNativeTarget "helloo world - learningTests" */;
			buildPhases = (
				8E181FD22CC5431100C87143 /* Sources */,
				8E181FD32CC5431100C87143 /* Frameworks */,
				8E181FD42CC5431100C87143 /* Resources */,
			);
			buildRules = (
			);
			dependencies = (
				8E181FD82CC5431100C87143 /* PBXTargetDependency */,
			);
			name = "helloo world - learningTests";
			productName = "helloo world - learningTests";
			productReference = 8E181FD62CC5431100C87143 /* helloo world - learningTests.xctest */;
			productType = "com.apple.product-type.bundle.unit-test";
		};
		8E181FDF2CC5431100C87143 /* helloo world - learningUITests */ = {
			isa = PBXNativeTarget;
			buildConfigurationList = 8E181FF02CC5431100C87143 /* Build configuration list for PBXNativeTarget "helloo world - learningUITests" */;
			buildPhases = (
				8E181FDC2CC5431100C87143 /* Sources */,
				8E181FDD2CC5431100C87143 /* Frameworks */,
				8E181FDE2CC5431100C87143 /* Resources */,
			);
			buildRules = (
			);
			dependencies = (
				8E181FE22CC5431100C87143 /* PBXTargetDependency */,
			);
			name = "helloo world - learningUITests";
			productName = "helloo world - learningUITests";
			productReference = 8E181FE02CC5431100C87143 /* helloo world - learningUITests.xctest */;
			productType = "com.apple.product-type.bundle.ui-testing";
		};
/* End PBXNativeTarget section */

/* Begin PBXProject section */
		8E181FBE2CC5431000C87143 /* Project object */ = {
			isa = PBXProject;
			attributes = {
				BuildIndependentTargetsInParallel = 1;
				LastSwiftUpdateCheck = 1540;
				LastUpgradeCheck = 1540;
				TargetAttributes = {
					8E181FC52CC5431000C87143 = {
						CreatedOnToolsVersion = 15.4;
					};
					8E181FD52CC5431100C87143 = {
						CreatedOnToolsVersion = 15.4;
						TestTargetID = 8E181FC52CC5431000C87143;
					};
					8E181FDF2CC5431100C87143 = {
						CreatedOnToolsVersion = 15.4;
						TestTargetID = 8E181FC52CC5431000C87143;
					};
				};
			};
			buildConfigurationList = 8E181FC12CC5431000C87143 /* Build configuration list for PBXProject "helloo world - learning" */;
			compatibilityVersion = "Xcode 14.0";
			developmentRegion = en;
			hasScannedForEncodings = 0;
			knownRegions = (
				en,
				Base,
			);
			mainGroup = 8E181FBD2CC5431000C87143;
			productRefGroup = 8E181FC72CC5431000C87143 /* Products */;
			projectDirPath = "";
			projectRoot = "";
			targets = (
				8E181FC52CC5431000C87143 /* helloo world - learning */,
				8E181FD52CC5431100C87143 /* helloo world - learningTests */,
				8E181FDF2CC5431100C87143 /* helloo world - learningUITests */,
			);
		};
/* End PBXProject section */

/* Begin PBXResourcesBuildPhase section */
		8E181FC42CC5431000C87143 /* Resources */ = {
			isa = PBXResourcesBuildPhase;
			buildActionMask = 2147483647;
			files = (
				8E181FD12CC5431100C87143 /* Preview Assets.xcassets in Resources */,
				8E181FCE2CC5431100C87143 /* Assets.xcassets in Resources */,
			);
			runOnlyForDeploymentPostprocessing = 0;
		};
		8E181FD42CC5431100C87143 /* Resources */ = {
			isa = PBXResourcesBuildPhase;
			buildActionMask = 2147483647;
			files = (
			);
			runOnlyForDeploymentPostprocessing = 0;
		};
		8E181FDE2CC5431100C87143 /* Resources */ = {
			isa = PBXResourcesBuildPhase;
			buildActionMask = 2147483647;
			files = (
			);
			runOnlyForDeploymentPostprocessing = 0;
		};
/* End PBXResourcesBuildPhase section */

/* Begin PBXSourcesBuildPhase section */
		8E181FC22CC5431000C87143 /* Sources */ = {
			isa = PBXSourcesBuildPhase;
			buildActionMask = 2147483647;
			files = (
				8E181FCC2CC5431000C87143 /* ContentView.swift in Sources */,
				8E181FCA2CC5431000C87143 /* helloo_world___learningApp.swift in Sources */,
			);
			runOnlyForDeploymentPostprocessing = 0;
		};
		8E181FD22CC5431100C87143 /* Sources */ = {
			isa = PBXSourcesBuildPhase;
			buildActionMask = 2147483647;
			files = (
				8E181FDB2CC5431100C87143 /* helloo_world___learningTests.swift in Sources */,
			);
			runOnlyForDeploymentPostprocessing = 0;
		};
		8E181FDC2CC5431100C87143 /* Sources */ = {
			isa = PBXSourcesBuildPhase;
			buildActionMask = 2147483647;
			files = (
				8E181FE72CC5431100C87143 /* helloo_world___learningUITestsLaunchTests.swift in Sources */,
				8E181FE52CC5431100C87143 /* helloo_world___learningUITests.swift in Sources */,
			);
			runOnlyForDeploymentPostprocessing = 0;
		};
/* End PBXSourcesBuildPhase section */

/* Begin PBXTargetDependency section */
		8E181FD82CC5431100C87143 /* PBXTargetDependency */ = {
			isa = PBXTargetDependency;
			target = 8E181FC52CC5431000C87143 /* helloo world - learning */;
			targetProxy = 8E181FD72CC5431100C87143 /* PBXContainerItemProxy */;
		};
		8E181FE22CC5431100C87143 /* PBXTargetDependency */ = {
			isa = PBXTargetDependency;
			target = 8E181FC52CC5431000C87143 /* helloo world - learning */;
			targetProxy = 8E181FE12CC5431100C87143 /* PBXContainerItemProxy */;
		};
/* End PBXTargetDependency section */

/* Begin XCBuildConfiguration section */
		8E181FE82CC5431100C87143 /* Debug */ = {
			isa = XCBuildConfiguration;
			buildSettings = {
				ALWAYS_SEARCH_USER_PATHS = NO;
				ASSETCATALOG_COMPILER_GENERATE_SWIFT_ASSET_SYMBOL_EXTENSIONS = YES;
				CLANG_ANALYZER_NONNULL = YES;
				CLANG_ANALYZER_NUMBER_OBJECT_CONVERSION = YES_AGGRESSIVE;
				CLANG_CXX_LANGUAGE_STANDARD = "gnu++20";
				CLANG_ENABLE_MODULES = YES;
				CLANG_ENABLE_OBJC_ARC = YES;
				CLANG_ENABLE_OBJC_WEAK = YES;
				CLANG_WARN_BLOCK_CAPTURE_AUTORELEASING = YES;
				CLANG_WARN_BOOL_CONVERSION = YES;
				CLANG_WARN_COMMA = YES;
				CLANG_WARN_CONSTANT_CONVERSION = YES;
				CLANG_WARN_DEPRECATED_OBJC_IMPLEMENTATIONS = YES;
				CLANG_WARN_DIRECT_OBJC_ISA_USAGE = YES_ERROR;
				CLANG_WARN_DOCUMENTATION_COMMENTS = YES;
				CLANG_WARN_EMPTY_BODY = YES;
				CLANG_WARN_ENUM_CONVERSION = YES;
				CLANG_WARN_INFINITE_RECURSION = YES;
				CLANG_WARN_INT_CONVERSION = YES;
				CLANG_WARN_NON_LITERAL_NULL_CONVERSION = YES;
				CLANG_WARN_OBJC_IMPLICIT_RETAIN_SELF = YES;
				CLANG_WARN_OBJC_LITERAL_CONVERSION = YES;
				CLANG_WARN_OBJC_ROOT_CLASS = YES_ERROR;
				CLANG_WARN_QUOTED_INCLUDE_IN_FRAMEWORK_HEADER = YES;
				CLANG_WARN_RANGE_LOOP_ANALYSIS = YES;
				CLANG_WARN_STRICT_PROTOTYPES = YES;
				CLANG_WARN_SUSPICIOUS_MOVE = YES;
				CLANG_WARN_UNGUARDED_AVAILABILITY = YES_AGGRESSIVE;
				CLANG_WARN_UNREACHABLE_CODE = YES;
				CLANG_WARN__DUPLICATE_METHOD_MATCH = YES;
				COPY_PHASE_STRIP = NO;
				DEBUG_INFORMATION_FORMAT = dwarf;
				ENABLE_STRICT_OBJC_MSGSEND = YES;
				ENABLE_TESTABILITY = YES;
				ENABLE_USER_SCRIPT_SANDBOXING = YES;
				GCC_C_LANGUAGE_STANDARD = gnu17;
				GCC_DYNAMIC_NO_PIC = NO;
				GCC_NO_COMMON_BLOCKS = YES;
				GCC_OPTIMIZATION_LEVEL = 0;
				GCC_PREPROCESSOR_DEFINITIONS = (
					"DEBUG=1",
					"$(inherited)",
				);
				GCC_WARN_64_TO_32_BIT_CONVERSION = YES;
				GCC_WARN_ABOUT_RETURN_TYPE = YES_ERROR;
				GCC_WARN_UNDECLARED_SELECTOR = YES;
				GCC_WARN_UNINITIALIZED_AUTOS = YES_AGGRESSIVE;
				GCC_WARN_UNUSED_FUNCTION = YES;
				GCC_WARN_UNUSED_VARIABLE = YES;
				IPHONEOS_DEPLOYMENT_TARGET = 17.5;
				LOCALIZATION_PREFERS_STRING_CATALOGS = YES;
				MTL_ENABLE_DEBUG_INFO = INCLUDE_SOURCE;
				MTL_FAST_MATH = YES;
				ONLY_ACTIVE_ARCH = YES;
				SDKROOT = iphoneos;
				SWIFT_ACTIVE_COMPILATION_CONDITIONS = "DEBUG $(inherited)";
				SWIFT_OPTIMIZATION_LEVEL = "-Onone";
			};
			name = Debug;
		};
		8E181FE92CC5431100C87143 /* Release */ = {
			isa = XCBuildConfiguration;
			buildSettings = {
				ALWAYS_SEARCH_USER_PATHS = NO;
				ASSETCATALOG_COMPILER_GENERATE_SWIFT_ASSET_SYMBOL_EXTENSIONS = YES;
				CLANG_ANALYZER_NONNULL = YES;
				CLANG_ANALYZER_NUMBER_OBJECT_CONVERSION = YES_AGGRESSIVE;
				CLANG_CXX_LANGUAGE_STANDARD = "gnu++20";
				CLANG_ENABLE_MODULES = YES;
				CLANG_ENABLE_OBJC_ARC = YES;
				CLANG_ENABLE_OBJC_WEAK = YES;
				CLANG_WARN_BLOCK_CAPTURE_AUTORELEASING = YES;
				CLANG_WARN_BOOL_CONVERSION = YES;
				CLANG_WARN_COMMA = YES;
				CLANG_WARN_CONSTANT_CONVERSION = YES;
				CLANG_WARN_DEPRECATED_OBJC_IMPLEMENTATIONS = YES;
				CLANG_WARN_DIRECT_OBJC_ISA_USAGE = YES_ERROR;
				CLANG_WARN_DOCUMENTATION_COMMENTS = YES;
				CLANG_WARN_EMPTY_BODY = YES;
				CLANG_WARN_ENUM_CONVERSION = YES;
				CLANG_WARN_INFINITE_RECURSION = YES;
				CLANG_WARN_INT_CONVERSION = YES;
				CLANG_WARN_NON_LITERAL_NULL_CONVERSION = YES;
				CLANG_WARN_OBJC_IMPLICIT_RETAIN_SELF = YES;
				CLANG_WARN_OBJC_LITERAL_CONVERSION = YES;
				CLANG_WARN_OBJC_ROOT_CLASS = YES_ERROR;
				CLANG_WARN_QUOTED_INCLUDE_IN_FRAMEWORK_HEADER = YES;
				CLANG_WARN_RANGE_LOOP_ANALYSIS = YES;
				CLANG_WARN_STRICT_PROTOTYPES = YES;
				CLANG_WARN_SUSPICIOUS_MOVE = YES;
				CLANG_WARN_UNGUARDED_AVAILABILITY = YES_AGGRESSIVE;
				CLANG_WARN_UNREACHABLE_CODE = YES;
				CLANG_WARN__DUPLICATE_METHOD_MATCH = YES;
				COPY_PHASE_STRIP = NO;
				DEBUG_INFORMATION_FORMAT = "dwarf-with-dsym";
				ENABLE_NS_ASSERTIONS = NO;
				ENABLE_STRICT_OBJC_MSGSEND = YES;
				ENABLE_USER_SCRIPT_SANDBOXING = YES;
				GCC_C_LANGUAGE_STANDARD = gnu17;
				GCC_NO_COMMON_BLOCKS = YES;
				GCC_WARN_64_TO_32_BIT_CONVERSION = YES;
				GCC_WARN_ABOUT_RETURN_TYPE = YES_ERROR;
				GCC_WARN_UNDECLARED_SELECTOR = YES;
				GCC_WARN_UNINITIALIZED_AUTOS = YES_AGGRESSIVE;
				GCC_WARN_UNUSED_FUNCTION = YES;
				GCC_WARN_UNUSED_VARIABLE = YES;
				IPHONEOS_DEPLOYMENT_TARGET = 17.5;
				LOCALIZATION_PREFERS_STRING_CATALOGS = YES;
				MTL_ENABLE_DEBUG_INFO = NO;
				MTL_FAST_MATH = YES;
				SDKROOT = iphoneos;
				SWIFT_COMPILATION_MODE = wholemodule;
				VALIDATE_PRODUCT = YES;
			};
			name = Release;
		};
		8E181FEB2CC5431100C87143 /* Debug */ = {
			isa = XCBuildConfiguration;
			buildSettings = {
				ASSETCATALOG_COMPILER_APPICON_NAME = AppIcon;
				ASSETCATALOG_COMPILER_GLOBAL_ACCENT_COLOR_NAME = AccentColor;
				CODE_SIGN_STYLE = Automatic;
				CURRENT_PROJECT_VERSION = 1;
				DEVELOPMENT_ASSET_PATHS = "\"helloo world - learning/Preview Content\"";
				ENABLE_PREVIEWS = YES;
				GENERATE_INFOPLIST_FILE = YES;
				INFOPLIST_KEY_UIApplicationSceneManifest_Generation = YES;
				INFOPLIST_KEY_UIApplicationSupportsIndirectInputEvents = YES;
				INFOPLIST_KEY_UILaunchScreen_Generation = YES;
				INFOPLIST_KEY_UISupportedInterfaceOrientations_iPad = "UIInterfaceOrientationPortrait UIInterfaceOrientationPortraitUpsideDown UIInterfaceOrientationLandscapeLeft UIInterfaceOrientationLandscapeRight";
				INFOPLIST_KEY_UISupportedInterfaceOrientations_iPhone = "UIInterfaceOrientationPortrait UIInterfaceOrientationLandscapeLeft UIInterfaceOrientationLandscapeRight";
				LD_RUNPATH_SEARCH_PATHS = (
					"$(inherited)",
					"@executable_path/Frameworks",
				);
				MARKETING_VERSION = 1.0;
				PRODUCT_BUNDLE_IDENTIFIER = "W.helloo-world---learning";
				PRODUCT_NAME = "$(TARGET_NAME)";
				SWIFT_EMIT_LOC_STRINGS = YES;
				SWIFT_VERSION = 5.0;
				TARGETED_DEVICE_FAMILY = "1,2";
			};
			name = Debug;
		};
		8E181FEC2CC5431100C87143 /* Release */ = {
			isa = XCBuildConfiguration;
			buildSettings = {
				ASSETCATALOG_COMPILER_APPICON_NAME = AppIcon;
				ASSETCATALOG_COMPILER_GLOBAL_ACCENT_COLOR_NAME = AccentColor;
				CODE_SIGN_STYLE = Automatic;
				CURRENT_PROJECT_VERSION = 1;
				DEVELOPMENT_ASSET_PATHS = "\"helloo world - learning/Preview Content\"";
				ENABLE_PREVIEWS = YES;
				GENERATE_INFOPLIST_FILE = YES;
				INFOPLIST_KEY_UIApplicationSceneManifest_Generation = YES;
				INFOPLIST_KEY_UIApplicationSupportsIndirectInputEvents = YES;
				INFOPLIST_KEY_UILaunchScreen_Generation = YES;
				INFOPLIST_KEY_UISupportedInterfaceOrientations_iPad = "UIInterfaceOrientationPortrait UIInterfaceOrientationPortraitUpsideDown UIInterfaceOrientationLandscapeLeft UIInterfaceOrientationLandscapeRight";
				INFOPLIST_KEY_UISupportedInterfaceOrientations_iPhone = "UIInterfaceOrientationPortrait UIInterfaceOrientationLandscapeLeft UIInterfaceOrientationLandscapeRight";
				LD_RUNPATH_SEARCH_PATHS = (
					"$(inherited)",
					"@executable_path/Frameworks",
				);
				MARKETING_VERSION = 1.0;
				PRODUCT_BUNDLE_IDENTIFIER = "W.helloo-world---learning";
				PRODUCT_NAME = "$(TARGET_NAME)";
				SWIFT_EMIT_LOC_STRINGS = YES;
				SWIFT_VERSION = 5.0;
				TARGETED_DEVICE_FAMILY = "1,2";
			};
			name = Release;
		};
		8E181FEE2CC5431100C87143 /* Debug */ = {
			isa = XCBuildConfiguration;
			buildSettings = {
				ALWAYS_EMBED_SWIFT_STANDARD_LIBRARIES = YES;
				BUNDLE_LOADER = "$(TEST_HOST)";
				CODE_SIGN_STYLE = Automatic;
				CURRENT_PROJECT_VERSION = 1;
				GENERATE_INFOPLIST_FILE = YES;
				IPHONEOS_DEPLOYMENT_TARGET = 17.5;
				MARKETING_VERSION = 1.0;
				PRODUCT_BUNDLE_IDENTIFIER = "W.helloo-world---learningTests";
				PRODUCT_NAME = "$(TARGET_NAME)";
				SWIFT_EMIT_LOC_STRINGS = NO;
				SWIFT_VERSION = 5.0;
				TARGETED_DEVICE_FAMILY = "1,2";
				TEST_HOST = "$(BUILT_PRODUCTS_DIR)/helloo world - learning.app/$(BUNDLE_EXECUTABLE_FOLDER_PATH)/helloo world - learning";
			};
			name = Debug;
		};
		8E181FEF2CC5431100C87143 /* Release */ = {
			isa = XCBuildConfiguration;
			buildSettings = {
				ALWAYS_EMBED_SWIFT_STANDARD_LIBRARIES = YES;
				BUNDLE_LOADER = "$(TEST_HOST)";
				CODE_SIGN_STYLE = Automatic;
				CURRENT_PROJECT_VERSION = 1;
				GENERATE_INFOPLIST_FILE = YES;
				IPHONEOS_DEPLOYMENT_TARGET = 17.5;
				MARKETING_VERSION = 1.0;
				PRODUCT_BUNDLE_IDENTIFIER = "W.helloo-world---learningTests";
				PRODUCT_NAME = "$(TARGET_NAME)";
				SWIFT_EMIT_LOC_STRINGS = NO;
				SWIFT_VERSION = 5.0;
				TARGETED_DEVICE_FAMILY = "1,2";
				TEST_HOST = "$(BUILT_PRODUCTS_DIR)/helloo world - learning.app/$(BUNDLE_EXECUTABLE_FOLDER_PATH)/helloo world - learning";
			};
			name = Release;
		};
		8E181FF12CC5431100C87143 /* Debug */ = {
			isa = XCBuildConfiguration;
			buildSettings = {
				ALWAYS_EMBED_SWIFT_STANDARD_LIBRARIES = YES;
				CODE_SIGN_STYLE = Automatic;
				CURRENT_PROJECT_VERSION = 1;
				GENERATE_INFOPLIST_FILE = YES;
				MARKETING_VERSION = 1.0;
				PRODUCT_BUNDLE_IDENTIFIER = "W.helloo-world---learningUITests";
				PRODUCT_NAME = "$(TARGET_NAME)";
				SWIFT_EMIT_LOC_STRINGS = NO;
				SWIFT_VERSION = 5.0;
				TARGETED_DEVICE_FAMILY = "1,2";
				TEST_TARGET_NAME = "helloo world - learning";
			};
			name = Debug;
		};
		8E181FF22CC5431100C87143 /* Release */ = {
			isa = XCBuildConfiguration;
			buildSettings = {
				ALWAYS_EMBED_SWIFT_STANDARD_LIBRARIES = YES;
				CODE_SIGN_STYLE = Automatic;
				CURRENT_PROJECT_VERSION = 1;
				GENERATE_INFOPLIST_FILE = YES;
				MARKETING_VERSION = 1.0;
				PRODUCT_BUNDLE_IDENTIFIER = "W.helloo-world---learningUITests";
				PRODUCT_NAME = "$(TARGET_NAME)";
				SWIFT_EMIT_LOC_STRINGS = NO;
				SWIFT_VERSION = 5.0;
				TARGETED_DEVICE_FAMILY = "1,2";
				TEST_TARGET_NAME = "helloo world - learning";
			};
			name = Release;
		};
/* End XCBuildConfiguration section */

/* Begin XCConfigurationList section */
		8E181FC12CC5431000C87143 /* Build configuration list for PBXProject "helloo world - learning" */ = {
			isa = XCConfigurationList;
			buildConfigurations = (
				8E181FE82CC5431100C87143 /* Debug */,
				8E181FE92CC5431100C87143 /* Release */,
			);
			defaultConfigurationIsVisible = 0;
			defaultConfigurationName = Release;
		};
		8E181FEA2CC5431100C87143 /* Build configuration list for PBXNativeTarget "helloo world - learning" */ = {
			isa = XCConfigurationList;
			buildConfigurations = (
				8E181FEB2CC5431100C87143 /* Debug */,
				8E181FEC2CC5431100C87143 /* Release */,
			);
			defaultConfigurationIsVisible = 0;
			defaultConfigurationName = Release;
		};
		8E181FED2CC5431100C87143 /* Build configuration list for PBXNativeTarget "helloo world - learningTests" */ = {
			isa = XCConfigurationList;
			buildConfigurations = (
				8E181FEE2CC5431100C87143 /* Debug */,
				8E181FEF2CC5431100C87143 /* Release */,
			);
			defaultConfigurationIsVisible = 0;
			defaultConfigurationName = Release;
		};
		8E181FF02CC5431100C87143 /* Build configuration list for PBXNativeTarget "helloo world - learningUITests" */ = {
			isa = XCConfigurationList;
			buildConfigurations = (
				8E181FF12CC5431100C87143 /* Debug */,
				8E181FF22CC5431100C87143 /* Release */,
			);
			defaultConfigurationIsVisible = 0;
			defaultConfigurationName = Release;
		};
/* End XCConfigurationList section */
	};
	rootObject = 8E181FBE2CC5431000C87143 /* Project object */;
}
